
Microsoft Visual Studio Solution File, Format Version 12.00
# Visual Studio Version 17
VisualStudioVersion = 17.9.34622.214
MinimumVisualStudioVersion = 10.0.40219.1
Project("{FAE04EC0-301F-11D3-BF4B-00C04F79EFBC}") = "Dusty_JukeBox", "Dusty_JukeBox\Dusty_JukeBox.csproj", "{7F7061C8-4771-41A9-BACA-4D23966712DA}"
EndProject
Global
	GlobalSection(SolutionConfigurationPlatforms) = preSolution
		Debug|Any CPU = Debug|Any CPU
		Release|Any CPU = Release|Any CPU
	EndGlobalSection
	GlobalSection(ProjectConfigurationPlatforms) = postSolution
		{7F7061C8-4771-41A9-BACA-4D23966712DA}.Debug|Any CPU.ActiveCfg = Debug|Any CPU
		{7F7061C8-4771-41A9-BACA-4D23966712DA}.Debug|Any CPU.Build.0 = Debug|Any CPU
		{7F7061C8-4771-41A9-BACA-4D23966712DA}.Release|Any CPU.ActiveCfg = Release|Any CPU
		{7F7061C8-4771-41A9-BACA-4D23966712DA}.Release|Any CPU.Build.0 = Release|Any CPU
	EndGlobalSection
	GlobalSection(SolutionProperties) = preSolution
		HideSolutionNode = FALSE
	EndGlobalSection
	GlobalSection(ExtensibilityGlobals) = postSolution
		SolutionGuid = {F3093A6E-5C11-4A1E-ACA8-DC4B5A0407CB}
	EndGlobalSection
EndGlobal
